
Microsoft Visual Studio Solution File, Format Version 12.00
# Visual Studio Version 16
VisualStudioVersion = 16.0.32126.315
MinimumVisualStudioVersion = 10.0.40219.1
Project("{FAE04EC0-301F-11D3-BF4B-00C04F79EFBC}") = "RecetasApi.Web", "RecetasApi.Web\RecetasApi.Web.csproj", "{558135CF-66A9-4E7B-8A97-A39B3E075664}"
EndProject
Project("{FAE04EC0-301F-11D3-BF4B-00C04F79EFBC}") = "RecetasApi.Common", "RecetasApi.Common\RecetasApi.Common.csproj", "{D92EB941-7870-4840-8697-188AE02B5AAB}"
EndProject
Global
	GlobalSection(SolutionConfigurationPlatforms) = preSolution
		Debug|Any CPU = Debug|Any CPU
		Release|Any CPU = Release|Any CPU
	EndGlobalSection
	GlobalSection(ProjectConfigurationPlatforms) = postSolution
		{558135CF-66A9-4E7B-8A97-A39B3E075664}.Debug|Any CPU.ActiveCfg = Debug|Any CPU
		{558135CF-66A9-4E7B-8A97-A39B3E075664}.Debug|Any CPU.Build.0 = Debug|Any CPU
		{558135CF-66A9-4E7B-8A97-A39B3E075664}.Release|Any CPU.ActiveCfg = Release|Any CPU
		{558135CF-66A9-4E7B-8A97-A39B3E075664}.Release|Any CPU.Build.0 = Release|Any CPU
		{D92EB941-7870-4840-8697-188AE02B5AAB}.Debug|Any CPU.ActiveCfg = Debug|Any CPU
		{D92EB941-7870-4840-8697-188AE02B5AAB}.Debug|Any CPU.Build.0 = Debug|Any CPU
		{D92EB941-7870-4840-8697-188AE02B5AAB}.Release|Any CPU.ActiveCfg = Release|Any CPU
		{D92EB941-7870-4840-8697-188AE02B5AAB}.Release|Any CPU.Build.0 = Release|Any CPU
	EndGlobalSection
	GlobalSection(SolutionProperties) = preSolution
		HideSolutionNode = FALSE
	EndGlobalSection
	GlobalSection(ExtensibilityGlobals) = postSolution
		SolutionGuid = {4922E1C3-C0E6-4768-AF85-51BC4F452963}
	EndGlobalSection
EndGlobal
