
Microsoft Visual Studio Solution File, Format Version 12.00
# Visual Studio Version 17
VisualStudioVersion = 17.12.35527.113 d17.12
MinimumVisualStudioVersion = 10.0.40219.1
Project("{FAE04EC0-301F-11D3-BF4B-00C04F79EFBC}") = "Common", "Common\Common.csproj", "{0D5E3B80-69BA-4C81-90F0-E350B842743B}"
EndProject
Project("{FAE04EC0-301F-11D3-BF4B-00C04F79EFBC}") = "Web", "Web\Web.csproj", "{2FFC5921-6F63-448E-9E59-24DC7A6629D2}"
EndProject
Global
	GlobalSection(SolutionConfigurationPlatforms) = preSolution
		Debug|Any CPU = Debug|Any CPU
		Release|Any CPU = Release|Any CPU
	EndGlobalSection
	GlobalSection(ProjectConfigurationPlatforms) = postSolution
		{0D5E3B80-69BA-4C81-90F0-E350B842743B}.Debug|Any CPU.ActiveCfg = Debug|Any CPU
		{0D5E3B80-69BA-4C81-90F0-E350B842743B}.Debug|Any CPU.Build.0 = Debug|Any CPU
		{0D5E3B80-69BA-4C81-90F0-E350B842743B}.Release|Any CPU.ActiveCfg = Release|Any CPU
		{0D5E3B80-69BA-4C81-90F0-E350B842743B}.Release|Any CPU.Build.0 = Release|Any CPU
		{2FFC5921-6F63-448E-9E59-24DC7A6629D2}.Debug|Any CPU.ActiveCfg = Debug|Any CPU
		{2FFC5921-6F63-448E-9E59-24DC7A6629D2}.Debug|Any CPU.Build.0 = Debug|Any CPU
		{2FFC5921-6F63-448E-9E59-24DC7A6629D2}.Release|Any CPU.ActiveCfg = Release|Any CPU
		{2FFC5921-6F63-448E-9E59-24DC7A6629D2}.Release|Any CPU.Build.0 = Release|Any CPU
	EndGlobalSection
	GlobalSection(SolutionProperties) = preSolution
		HideSolutionNode = FALSE
	EndGlobalSection
	GlobalSection(ExtensibilityGlobals) = postSolution
		SolutionGuid = {4922E1C3-C0E6-4768-AF85-51BC4F452963}
	EndGlobalSection
EndGlobal
